// !$*UTF8*$!
{
	archiveVersion = 1;
	classes = {
	};
	objectVersion = 56;
	objects = {

/* Begin PBXBuildFile section */
		F621EDA229D3FFC70026FF1A /* SwiftUI_iOS16_PhotosPickerApp.swift in Sources */ = {isa = PBXBuildFile; fileRef = F621EDA129D3FFC70026FF1A /* SwiftUI_iOS16_PhotosPickerApp.swift */; };
		F621EDA429D3FFC70026FF1A /* MainView.swift in Sources */ = {isa = PBXBuildFile; fileRef = F621EDA329D3FFC70026FF1A /* MainView.swift */; };
		F621EDA629D3FFC80026FF1A /* Assets.xcassets in Resources */ = {isa = PBXBuildFile; fileRef = F621EDA529D3FFC80026FF1A /* Assets.xcassets */; };
		F621EDA929D3FFC80026FF1A /* Preview Assets.xcassets in Resources */ = {isa = PBXBuildFile; fileRef = F621EDA829D3FFC80026FF1A /* Preview Assets.xcassets */; };
		F631300329D69C8800C76473 /* PhotosPickerContainerView.swift in Sources */ = {isa = PBXBuildFile; fileRef = F631300229D69C8800C76473 /* PhotosPickerContainerView.swift */; };
		F631300529D69CA300C76473 /* PhotosViewModel.swift in Sources */ = {isa = PBXBuildFile; fileRef = F631300429D69CA300C76473 /* PhotosViewModel.swift */; };
		F631300729D69CFF00C76473 /* PhotosManagerViewModel.swift in Sources */ = {isa = PBXBuildFile; fileRef = F631300629D69CFF00C76473 /* PhotosManagerViewModel.swift */; };
/* End PBXBuildFile section */

/* Begin PBXFileReference section */
		F621ED9E29D3FFC70026FF1A /* SwiftUI_iOS16_PhotosPicker.app */ = {isa = PBXFileReference; explicitFileType = wrapper.application; includeInIndex = 0; path = SwiftUI_iOS16_PhotosPicker.app; sourceTree = BUILT_PRODUCTS_DIR; };
		F621EDA129D3FFC70026FF1A /* SwiftUI_iOS16_PhotosPickerApp.swift */ = {isa = PBXFileReference; lastKnownFileType = sourcecode.swift; path = SwiftUI_iOS16_PhotosPickerApp.swift; sourceTree = "<group>"; };
		F621EDA329D3FFC70026FF1A /* MainView.swift */ = {isa = PBXFileReference; lastKnownFileType = sourcecode.swift; path = MainView.swift; sourceTree = "<group>"; };
		F621EDA529D3FFC80026FF1A /* Assets.xcassets */ = {isa = PBXFileReference; lastKnownFileType = folder.assetcatalog; path = Assets.xcassets; sourceTree = "<group>"; };
		F621EDA829D3FFC80026FF1A /* Preview Assets.xcassets */ = {isa = PBXFileReference; lastKnownFileType = folder.assetcatalog; path = "Preview Assets.xcassets"; sourceTree = "<group>"; };
		F631300229D69C8800C76473 /* PhotosPickerContainerView.swift */ = {isa = PBXFileReference; lastKnownFileType = sourcecode.swift; path = PhotosPickerContainerView.swift; sourceTree = "<group>"; };
		F631300429D69CA300C76473 /* PhotosViewModel.swift */ = {isa = PBXFileReference; lastKnownFileType = sourcecode.swift; path = PhotosViewModel.swift; sourceTree = "<group>"; };
		F631300629D69CFF00C76473 /* PhotosManagerViewModel.swift */ = {isa = PBXFileReference; lastKnownFileType = sourcecode.swift; path = PhotosManagerViewModel.swift; sourceTree = "<group>"; };
/* End PBXFileReference section */

/* Begin PBXFrameworksBuildPhase section */
		F621ED9B29D3FFC70026FF1A /* Frameworks */ = {
			isa = PBXFrameworksBuildPhase;
			buildActionMask = 2147483647;
			files = (
			);
			runOnlyForDeploymentPostprocessing = 0;
		};
/* End PBXFrameworksBuildPhase section */

/* Begin PBXGroup section */
		F621ED9529D3FFC70026FF1A = {
			isa = PBXGroup;
			children = (
				F621EDA029D3FFC70026FF1A /* SwiftUI_iOS16_PhotosPicker */,
				F621ED9F29D3FFC70026FF1A /* Products */,
			);
			sourceTree = "<group>";
		};
		F621ED9F29D3FFC70026FF1A /* Products */ = {
			isa = PBXGroup;
			children = (
				F621ED9E29D3FFC70026FF1A /* SwiftUI_iOS16_PhotosPicker.app */,
			);
			name = Products;
			sourceTree = "<group>";
		};
		F621EDA029D3FFC70026FF1A /* SwiftUI_iOS16_PhotosPicker */ = {
			isa = PBXGroup;
			children = (
				F621EDA129D3FFC70026FF1A /* SwiftUI_iOS16_PhotosPickerApp.swift */,
				F621EDA329D3FFC70026FF1A /* MainView.swift */,
				F631300229D69C8800C76473 /* PhotosPickerContainerView.swift */,
				F631300629D69CFF00C76473 /* PhotosManagerViewModel.swift */,
				F631300429D69CA300C76473 /* PhotosViewModel.swift */,
				F621EDA529D3FFC80026FF1A /* Assets.xcassets */,
				F621EDA729D3FFC80026FF1A /* Preview Content */,
			);
			path = SwiftUI_iOS16_PhotosPicker;
			sourceTree = "<group>";
		};
		F621EDA729D3FFC80026FF1A /* Preview Content */ = {
			isa = PBXGroup;
			children = (
				F621EDA829D3FFC80026FF1A /* Preview Assets.xcassets */,
			);
			path = "Preview Content";
			sourceTree = "<group>";
		};
/* End PBXGroup section */

/* Begin PBXNativeTarget section */
		F621ED9D29D3FFC70026FF1A /* SwiftUI_iOS16_PhotosPicker */ = {
			isa = PBXNativeTarget;
			buildConfigurationList = F621EDAC29D3FFC80026FF1A /* Build configuration list for PBXNativeTarget "SwiftUI_iOS16_PhotosPicker" */;
			buildPhases = (
				F621ED9A29D3FFC70026FF1A /* Sources */,
				F621ED9B29D3FFC70026FF1A /* Frameworks */,
				F621ED9C29D3FFC70026FF1A /* Resources */,
			);
			buildRules = (
			);
			dependencies = (
			);
			name = SwiftUI_iOS16_PhotosPicker;
			productName = SwiftUI_iOS16_PhotosPicker;
			productReference = F621ED9E29D3FFC70026FF1A /* SwiftUI_iOS16_PhotosPicker.app */;
			productType = "com.apple.product-type.application";
		};
/* End PBXNativeTarget section */

/* Begin PBXProject section */
		F621ED9629D3FFC70026FF1A /* Project object */ = {
			isa = PBXProject;
			attributes = {
				BuildIndependentTargetsInParallel = 1;
				LastSwiftUpdateCheck = 1400;
				LastUpgradeCheck = 1400;
				TargetAttributes = {
					F621ED9D29D3FFC70026FF1A = {
						CreatedOnToolsVersion = 14.0;
					};
				};
			};
			buildConfigurationList = F621ED9929D3FFC70026FF1A /* Build configuration list for PBXProject "SwiftUI_iOS16_PhotosPicker" */;
			compatibilityVersion = "Xcode 14.0";
			developmentRegion = en;
			hasScannedForEncodings = 0;
			knownRegions = (
				en,
				Base,
			);
			mainGroup = F621ED9529D3FFC70026FF1A;
			productRefGroup = F621ED9F29D3FFC70026FF1A /* Products */;
			projectDirPath = "";
			projectRoot = "";
			targets = (
				F621ED9D29D3FFC70026FF1A /* SwiftUI_iOS16_PhotosPicker */,
			);
		};
/* End PBXProject section */

/* Begin PBXResourcesBuildPhase section */
		F621ED9C29D3FFC70026FF1A /* Resources */ = {
			isa = PBXResourcesBuildPhase;
			buildActionMask = 2147483647;
			files = (
				F621EDA929D3FFC80026FF1A /* Preview Assets.xcassets in Resources */,
				F621EDA629D3FFC80026FF1A /* Assets.xcassets in Resources */,
			);
			runOnlyForDeploymentPostprocessing = 0;
		};
/* End PBXResourcesBuildPhase section */

/* Begin PBXSourcesBuildPhase section */
		F621ED9A29D3FFC70026FF1A /* Sources */ = {
			isa = PBXSourcesBuildPhase;
			buildActionMask = 2147483647;
			files = (
				F631300329D69C8800C76473 /* PhotosPickerContainerView.swift in Sources */,
				F631300529D69CA300C76473 /* PhotosViewModel.swift in Sources */,
				F621EDA429D3FFC70026FF1A /* MainView.swift in Sources */,
				F631300729D69CFF00C76473 /* PhotosManagerViewModel.swift in Sources */,
				F621EDA229D3FFC70026FF1A /* SwiftUI_iOS16_PhotosPickerApp.swift in Sources */,
			);
			runOnlyForDeploymentPostprocessing = 0;
		};
/* End PBXSourcesBuildPhase section */

/* Begin XCBuildConfiguration section */
		F621EDAA29D3FFC80026FF1A /* Debug */ = {
			isa = XCBuildConfiguration;
			buildSettings = {
				ALWAYS_SEARCH_USER_PATHS = NO;
				CLANG_ANALYZER_NONNULL = YES;
				CLANG_ANALYZER_NUMBER_OBJECT_CONVERSION = YES_AGGRESSIVE;
				CLANG_CXX_LANGUAGE_STANDARD = "gnu++20";
				CLANG_ENABLE_MODULES = YES;
				CLANG_ENABLE_OBJC_ARC = YES;
				CLANG_ENABLE_OBJC_WEAK = YES;
				CLANG_WARN_BLOCK_CAPTURE_AUTORELEASING = YES;
				CLANG_WARN_BOOL_CONVERSION = YES;
				CLANG_WARN_COMMA = YES;
				CLANG_WARN_CONSTANT_CONVERSION = YES;
				CLANG_WARN_DEPRECATED_OBJC_IMPLEMENTATIONS = YES;
				CLANG_WARN_DIRECT_OBJC_ISA_USAGE = YES_ERROR;
				CLANG_WARN_DOCUMENTATION_COMMENTS = YES;
				CLANG_WARN_EMPTY_BODY = YES;
				CLANG_WARN_ENUM_CONVERSION = YES;
				CLANG_WARN_INFINITE_RECURSION = YES;
				CLANG_WARN_INT_CONVERSION = YES;
				CLANG_WARN_NON_LITERAL_NULL_CONVERSION = YES;
				CLANG_WARN_OBJC_IMPLICIT_RETAIN_SELF = YES;
				CLANG_WARN_OBJC_LITERAL_CONVERSION = YES;
				CLANG_WARN_OBJC_ROOT_CLASS = YES_ERROR;
				CLANG_WARN_QUOTED_INCLUDE_IN_FRAMEWORK_HEADER = YES;
				CLANG_WARN_RANGE_LOOP_ANALYSIS = YES;
				CLANG_WARN_STRICT_PROTOTYPES = YES;
				CLANG_WARN_SUSPICIOUS_MOVE = YES;
				CLANG_WARN_UNGUARDED_AVAILABILITY = YES_AGGRESSIVE;
				CLANG_WARN_UNREACHABLE_CODE = YES;
				CLANG_WARN__DUPLICATE_METHOD_MATCH = YES;
				COPY_PHASE_STRIP = NO;
				DEBUG_INFORMATION_FORMAT = dwarf;
				ENABLE_STRICT_OBJC_MSGSEND = YES;
				ENABLE_TESTABILITY = YES;
				GCC_C_LANGUAGE_STANDARD = gnu11;
				GCC_DYNAMIC_NO_PIC = NO;
				GCC_NO_COMMON_BLOCKS = YES;
				GCC_OPTIMIZATION_LEVEL = 0;
				GCC_PREPROCESSOR_DEFINITIONS = (
					"DEBUG=1",
					"$(inherited)",
				);
				GCC_WARN_64_TO_32_BIT_CONVERSION = YES;
				GCC_WARN_ABOUT_RETURN_TYPE = YES_ERROR;
				GCC_WARN_UNDECLARED_SELECTOR = YES;
				GCC_WARN_UNINITIALIZED_AUTOS = YES_AGGRESSIVE;
				GCC_WARN_UNUSED_FUNCTION = YES;
				GCC_WARN_UNUSED_VARIABLE = YES;
				IPHONEOS_DEPLOYMENT_TARGET = 16.0;
				MTL_ENABLE_DEBUG_INFO = INCLUDE_SOURCE;
				MTL_FAST_MATH = YES;
				ONLY_ACTIVE_ARCH = YES;
				SDKROOT = iphoneos;
				SWIFT_ACTIVE_COMPILATION_CONDITIONS = DEBUG;
				SWIFT_OPTIMIZATION_LEVEL = "-Onone";
			};
			name = Debug;
		};
		F621EDAB29D3FFC80026FF1A /* Release */ = {
			isa = XCBuildConfiguration;
			buildSettings = {
				ALWAYS_SEARCH_USER_PATHS = NO;
				CLANG_ANALYZER_NONNULL = YES;
				CLANG_ANALYZER_NUMBER_OBJECT_CONVERSION = YES_AGGRESSIVE;
				CLANG_CXX_LANGUAGE_STANDARD = "gnu++20";
				CLANG_ENABLE_MODULES = YES;
				CLANG_ENABLE_OBJC_ARC = YES;
				CLANG_ENABLE_OBJC_WEAK = YES;
				CLANG_WARN_BLOCK_CAPTURE_AUTORELEASING = YES;
				CLANG_WARN_BOOL_CONVERSION = YES;
				CLANG_WARN_COMMA = YES;
				CLANG_WARN_CONSTANT_CONVERSION = YES;
				CLANG_WARN_DEPRECATED_OBJC_IMPLEMENTATIONS = YES;
				CLANG_WARN_DIRECT_OBJC_ISA_USAGE = YES_ERROR;
				CLANG_WARN_DOCUMENTATION_COMMENTS = YES;
				CLANG_WARN_EMPTY_BODY = YES;
				CLANG_WARN_ENUM_CONVERSION = YES;
				CLANG_WARN_INFINITE_RECURSION = YES;
				CLANG_WARN_INT_CONVERSION = YES;
				CLANG_WARN_NON_LITERAL_NULL_CONVERSION = YES;
				CLANG_WARN_OBJC_IMPLICIT_RETAIN_SELF = YES;
				CLANG_WARN_OBJC_LITERAL_CONVERSION = YES;
				CLANG_WARN_OBJC_ROOT_CLASS = YES_ERROR;
				CLANG_WARN_QUOTED_INCLUDE_IN_FRAMEWORK_HEADER = YES;
				CLANG_WARN_RANGE_LOOP_ANALYSIS = YES;
				CLANG_WARN_STRICT_PROTOTYPES = YES;
				CLANG_WARN_SUSPICIOUS_MOVE = YES;
				CLANG_WARN_UNGUARDED_AVAILABILITY = YES_AGGRESSIVE;
				CLANG_WARN_UNREACHABLE_CODE = YES;
				CLANG_WARN__DUPLICATE_METHOD_MATCH = YES;
				COPY_PHASE_STRIP = NO;
				DEBUG_INFORMATION_FORMAT = "dwarf-with-dsym";
				ENABLE_NS_ASSERTIONS = NO;
				ENABLE_STRICT_OBJC_MSGSEND = YES;
				GCC_C_LANGUAGE_STANDARD = gnu11;
				GCC_NO_COMMON_BLOCKS = YES;
				GCC_WARN_64_TO_32_BIT_CONVERSION = YES;
				GCC_WARN_ABOUT_RETURN_TYPE = YES_ERROR;
				GCC_WARN_UNDECLARED_SELECTOR = YES;
				GCC_WARN_UNINITIALIZED_AUTOS = YES_AGGRESSIVE;
				GCC_WARN_UNUSED_FUNCTION = YES;
				GCC_WARN_UNUSED_VARIABLE = YES;
				IPHONEOS_DEPLOYMENT_TARGET = 16.0;
				MTL_ENABLE_DEBUG_INFO = NO;
				MTL_FAST_MATH = YES;
				SDKROOT = iphoneos;
				SWIFT_COMPILATION_MODE = wholemodule;
				SWIFT_OPTIMIZATION_LEVEL = "-O";
				VALIDATE_PRODUCT = YES;
			};
			name = Release;
		};
		F621EDAD29D3FFC80026FF1A /* Debug */ = {
			isa = XCBuildConfiguration;
			buildSettings = {
				ASSETCATALOG_COMPILER_APPICON_NAME = AppIcon;
				ASSETCATALOG_COMPILER_GLOBAL_ACCENT_COLOR_NAME = AccentColor;
				CODE_SIGN_STYLE = Automatic;
				CURRENT_PROJECT_VERSION = 1;
				DEVELOPMENT_ASSET_PATHS = "\"SwiftUI_iOS16_PhotosPicker/Preview Content\"";
				DEVELOPMENT_TEAM = 4574F346W6;
				ENABLE_PREVIEWS = YES;
				GENERATE_INFOPLIST_FILE = YES;
				INFOPLIST_KEY_UIApplicationSceneManifest_Generation = YES;
				INFOPLIST_KEY_UIApplicationSupportsIndirectInputEvents = YES;
				INFOPLIST_KEY_UILaunchScreen_Generation = YES;
				INFOPLIST_KEY_UISupportedInterfaceOrientations_iPad = "UIInterfaceOrientationPortrait UIInterfaceOrientationPortraitUpsideDown UIInterfaceOrientationLandscapeLeft UIInterfaceOrientationLandscapeRight";
				INFOPLIST_KEY_UISupportedInterfaceOrientations_iPhone = "UIInterfaceOrientationPortrait UIInterfaceOrientationLandscapeLeft UIInterfaceOrientationLandscapeRight";
				LD_RUNPATH_SEARCH_PATHS = (
					"$(inherited)",
					"@executable_path/Frameworks",
				);
				MARKETING_VERSION = 1.0;
				PRODUCT_BUNDLE_IDENTIFIER = "com.unseenexcellence.SwiftUI-iOS16-PhotosPicker";
				PRODUCT_NAME = "$(TARGET_NAME)";
				SWIFT_EMIT_LOC_STRINGS = YES;
				SWIFT_VERSION = 5.0;
				TARGETED_DEVICE_FAMILY = "1,2";
			};
			name = Debug;
		};
		F621EDAE29D3FFC80026FF1A /* Release */ = {
			isa = XCBuildConfiguration;
			buildSettings = {
				ASSETCATALOG_COMPILER_APPICON_NAME = AppIcon;
				ASSETCATALOG_COMPILER_GLOBAL_ACCENT_COLOR_NAME = AccentColor;
				CODE_SIGN_STYLE = Automatic;
				CURRENT_PROJECT_VERSION = 1;
				DEVELOPMENT_ASSET_PATHS = "\"SwiftUI_iOS16_PhotosPicker/Preview Content\"";
				DEVELOPMENT_TEAM = 4574F346W6;
				ENABLE_PREVIEWS = YES;
				GENERATE_INFOPLIST_FILE = YES;
				INFOPLIST_KEY_UIApplicationSceneManifest_Generation = YES;
				INFOPLIST_KEY_UIApplicationSupportsIndirectInputEvents = YES;
				INFOPLIST_KEY_UILaunchScreen_Generation = YES;
				INFOPLIST_KEY_UISupportedInterfaceOrientations_iPad = "UIInterfaceOrientationPortrait UIInterfaceOrientationPortraitUpsideDown UIInterfaceOrientationLandscapeLeft UIInterfaceOrientationLandscapeRight";
				INFOPLIST_KEY_UISupportedInterfaceOrientations_iPhone = "UIInterfaceOrientationPortrait UIInterfaceOrientationLandscapeLeft UIInterfaceOrientationLandscapeRight";
				LD_RUNPATH_SEARCH_PATHS = (
					"$(inherited)",
					"@executable_path/Frameworks",
				);
				MARKETING_VERSION = 1.0;
				PRODUCT_BUNDLE_IDENTIFIER = "com.unseenexcellence.SwiftUI-iOS16-PhotosPicker";
				PRODUCT_NAME = "$(TARGET_NAME)";
				SWIFT_EMIT_LOC_STRINGS = YES;
				SWIFT_VERSION = 5.0;
				TARGETED_DEVICE_FAMILY = "1,2";
			};
			name = Release;
		};
/* End XCBuildConfiguration section */

/* Begin XCConfigurationList section */
		F621ED9929D3FFC70026FF1A /* Build configuration list for PBXProject "SwiftUI_iOS16_PhotosPicker" */ = {
			isa = XCConfigurationList;
			buildConfigurations = (
				F621EDAA29D3FFC80026FF1A /* Debug */,
				F621EDAB29D3FFC80026FF1A /* Release */,
			);
			defaultConfigurationIsVisible = 0;
			defaultConfigurationName = Release;
		};
		F621EDAC29D3FFC80026FF1A /* Build configuration list for PBXNativeTarget "SwiftUI_iOS16_PhotosPicker" */ = {
			isa = XCConfigurationList;
			buildConfigurations = (
				F621EDAD29D3FFC80026FF1A /* Debug */,
				F621EDAE29D3FFC80026FF1A /* Release */,
			);
			defaultConfigurationIsVisible = 0;
			defaultConfigurationName = Release;
		};
/* End XCConfigurationList section */
	};
	rootObject = F621ED9629D3FFC70026FF1A /* Project object */;
}
